
Microsoft Visual Studio Solution File, Format Version 12.00
# Visual Studio Version 16
VisualStudioVersion = 16.0.32510.428
MinimumVisualStudioVersion = 10.0.40219.1
Project("{FAE04EC0-301F-11D3-BF4B-00C04F79EFBC}") = "TestApp", "TestApp.csproj", "{50C4BBB1-912C-436C-BCC2-A0F67E5FB6F2}"
EndProject
Global
	GlobalSection(SolutionConfigurationPlatforms) = preSolution
		Debug|Any CPU = Debug|Any CPU
		Release|Any CPU = Release|Any CPU
	EndGlobalSection
	GlobalSection(ProjectConfigurationPlatforms) = postSolution
		{50C4BBB1-912C-436C-BCC2-A0F67E5FB6F2}.Debug|Any CPU.ActiveCfg = Debug|Any CPU
		{50C4BBB1-912C-436C-BCC2-A0F67E5FB6F2}.Debug|Any CPU.Build.0 = Debug|Any CPU
		{50C4BBB1-912C-436C-BCC2-A0F67E5FB6F2}.Release|Any CPU.ActiveCfg = Release|Any CPU
		{50C4BBB1-912C-436C-BCC2-A0F67E5FB6F2}.Release|Any CPU.Build.0 = Release|Any CPU
	EndGlobalSection
	GlobalSection(SolutionProperties) = preSolution
		HideSolutionNode = FALSE
	EndGlobalSection
	GlobalSection(ExtensibilityGlobals) = postSolution
		SolutionGuid = {7256A7E6-3709-4962-8626-3F3F4B3F2C89}
	EndGlobalSection
EndGlobal
